
Microsoft Visual Studio Solution File, Format Version 12.00
# Visual Studio Version 17
VisualStudioVersion = 17.9.34701.34
MinimumVisualStudioVersion = 10.0.40219.1
Project("{FAE04EC0-301F-11D3-BF4B-00C04F79EFBC}") = "LabClases1", "LabClases1\LabClases1.csproj", "{1A743934-59ED-4DEE-92E4-7AA5DACF2645}"
EndProject
Project("{FAE04EC0-301F-11D3-BF4B-00C04F79EFBC}") = "Clases", "Clases\Clases.csproj", "{8132782F-6B94-48B3-8EAD-7A46FB4A1C83}"
EndProject
Global
	GlobalSection(SolutionConfigurationPlatforms) = preSolution
		Debug|Any CPU = Debug|Any CPU
		Release|Any CPU = Release|Any CPU
	EndGlobalSection
	GlobalSection(ProjectConfigurationPlatforms) = postSolution
		{1A743934-59ED-4DEE-92E4-7AA5DACF2645}.Debug|Any CPU.ActiveCfg = Debug|Any CPU
		{1A743934-59ED-4DEE-92E4-7AA5DACF2645}.Debug|Any CPU.Build.0 = Debug|Any CPU
		{1A743934-59ED-4DEE-92E4-7AA5DACF2645}.Release|Any CPU.ActiveCfg = Release|Any CPU
		{1A743934-59ED-4DEE-92E4-7AA5DACF2645}.Release|Any CPU.Build.0 = Release|Any CPU
		{8132782F-6B94-48B3-8EAD-7A46FB4A1C83}.Debug|Any CPU.ActiveCfg = Debug|Any CPU
		{8132782F-6B94-48B3-8EAD-7A46FB4A1C83}.Debug|Any CPU.Build.0 = Debug|Any CPU
		{8132782F-6B94-48B3-8EAD-7A46FB4A1C83}.Release|Any CPU.ActiveCfg = Release|Any CPU
		{8132782F-6B94-48B3-8EAD-7A46FB4A1C83}.Release|Any CPU.Build.0 = Release|Any CPU
	EndGlobalSection
	GlobalSection(SolutionProperties) = preSolution
		HideSolutionNode = FALSE
	EndGlobalSection
	GlobalSection(ExtensibilityGlobals) = postSolution
		SolutionGuid = {6B180CC5-B21B-41A1-9BC1-440BAEC6C692}
	EndGlobalSection
EndGlobal
