
Microsoft Visual Studio Solution File, Format Version 12.00
# Visual Studio Version 17
VisualStudioVersion = 17.9.34701.34
MinimumVisualStudioVersion = 10.0.40219.1
Project("{FAE04EC0-301F-11D3-BF4B-00C04F79EFBC}") = "Decision", "Decision\Decision.csproj", "{3EF52E75-426E-4103-B42A-436D687DF729}"
EndProject
Project("{FAE04EC0-301F-11D3-BF4B-00C04F79EFBC}") = "Iteracion", "Iteracion\Iteracion.csproj", "{4BFC6C64-4190-456E-8B83-5EA31E74AD0C}"
EndProject
Global
	GlobalSection(SolutionConfigurationPlatforms) = preSolution
		Debug|Any CPU = Debug|Any CPU
		Release|Any CPU = Release|Any CPU
	EndGlobalSection
	GlobalSection(ProjectConfigurationPlatforms) = postSolution
		{3EF52E75-426E-4103-B42A-436D687DF729}.Debug|Any CPU.ActiveCfg = Debug|Any CPU
		{3EF52E75-426E-4103-B42A-436D687DF729}.Debug|Any CPU.Build.0 = Debug|Any CPU
		{3EF52E75-426E-4103-B42A-436D687DF729}.Release|Any CPU.ActiveCfg = Release|Any CPU
		{3EF52E75-426E-4103-B42A-436D687DF729}.Release|Any CPU.Build.0 = Release|Any CPU
		{4BFC6C64-4190-456E-8B83-5EA31E74AD0C}.Debug|Any CPU.ActiveCfg = Debug|Any CPU
		{4BFC6C64-4190-456E-8B83-5EA31E74AD0C}.Debug|Any CPU.Build.0 = Debug|Any CPU
		{4BFC6C64-4190-456E-8B83-5EA31E74AD0C}.Release|Any CPU.ActiveCfg = Release|Any CPU
		{4BFC6C64-4190-456E-8B83-5EA31E74AD0C}.Release|Any CPU.Build.0 = Release|Any CPU
	EndGlobalSection
	GlobalSection(SolutionProperties) = preSolution
		HideSolutionNode = FALSE
	EndGlobalSection
	GlobalSection(ExtensibilityGlobals) = postSolution
		SolutionGuid = {B89EBF8F-DAF7-4293-9F07-FA896F884680}
	EndGlobalSection
EndGlobal
