
Microsoft Visual Studio Solution File, Format Version 12.00
# Visual Studio Version 17
VisualStudioVersion = 17.9.34701.34
MinimumVisualStudioVersion = 10.0.40219.1
Project("{FAE04EC0-301F-11D3-BF4B-00C04F79EFBC}") = "Lab1", "Lab1\Lab1.csproj", "{BF70154E-A5CA-48EB-B021-F179D4F9FAB2}"
EndProject
Global
	GlobalSection(SolutionConfigurationPlatforms) = preSolution
		Debug|Any CPU = Debug|Any CPU
		Release|Any CPU = Release|Any CPU
	EndGlobalSection
	GlobalSection(ProjectConfigurationPlatforms) = postSolution
		{BF70154E-A5CA-48EB-B021-F179D4F9FAB2}.Debug|Any CPU.ActiveCfg = Debug|Any CPU
		{BF70154E-A5CA-48EB-B021-F179D4F9FAB2}.Debug|Any CPU.Build.0 = Debug|Any CPU
		{BF70154E-A5CA-48EB-B021-F179D4F9FAB2}.Release|Any CPU.ActiveCfg = Release|Any CPU
		{BF70154E-A5CA-48EB-B021-F179D4F9FAB2}.Release|Any CPU.Build.0 = Release|Any CPU
	EndGlobalSection
	GlobalSection(SolutionProperties) = preSolution
		HideSolutionNode = FALSE
	EndGlobalSection
	GlobalSection(ExtensibilityGlobals) = postSolution
		SolutionGuid = {859B0E9A-3199-4654-B13A-C3D4869BD162}
	EndGlobalSection
EndGlobal
