
Microsoft Visual Studio Solution File, Format Version 12.00
# Visual Studio Version 17
VisualStudioVersion = 17.10.35122.118
MinimumVisualStudioVersion = 10.0.40219.1
Project("{FAE04EC0-301F-11D3-BF4B-00C04F79EFBC}") = "Lab4", "Lab4\Lab4.csproj", "{7B7B0935-57C7-4CF1-9000-C1D298C6E8F4}"
EndProject
Global
	GlobalSection(SolutionConfigurationPlatforms) = preSolution
		Debug|Any CPU = Debug|Any CPU
		Release|Any CPU = Release|Any CPU
	EndGlobalSection
	GlobalSection(ProjectConfigurationPlatforms) = postSolution
		{7B7B0935-57C7-4CF1-9000-C1D298C6E8F4}.Debug|Any CPU.ActiveCfg = Debug|Any CPU
		{7B7B0935-57C7-4CF1-9000-C1D298C6E8F4}.Debug|Any CPU.Build.0 = Debug|Any CPU
		{7B7B0935-57C7-4CF1-9000-C1D298C6E8F4}.Release|Any CPU.ActiveCfg = Release|Any CPU
		{7B7B0935-57C7-4CF1-9000-C1D298C6E8F4}.Release|Any CPU.Build.0 = Release|Any CPU
	EndGlobalSection
	GlobalSection(SolutionProperties) = preSolution
		HideSolutionNode = FALSE
	EndGlobalSection
	GlobalSection(ExtensibilityGlobals) = postSolution
		SolutionGuid = {2CF95A51-EDFE-404F-995D-8CA96135E7D0}
	EndGlobalSection
EndGlobal
